// !$*UTF8*$!
{
	archiveVersion = 1;
	classes = {
	};
	objectVersion = 56;
	objects = {

/* Begin PBXBuildFile section */
		642697F52A1D797700A7C788 /* TickersApp.swift in Sources */ = {isa = PBXBuildFile; fileRef = 642697F42A1D797700A7C788 /* TickersApp.swift */; };
		642697F72A1D797700A7C788 /* ContentView.swift in Sources */ = {isa = PBXBuildFile; fileRef = 642697F62A1D797700A7C788 /* ContentView.swift */; };
		642697F92A1D797800A7C788 /* Assets.xcassets in Resources */ = {isa = PBXBuildFile; fileRef = 642697F82A1D797800A7C788 /* Assets.xcassets */; };
		642697FC2A1D797800A7C788 /* Preview Assets.xcassets in Resources */ = {isa = PBXBuildFile; fileRef = 642697FB2A1D797800A7C788 /* Preview Assets.xcassets */; };
		642698062A1D797800A7C788 /* TickersTests.swift in Sources */ = {isa = PBXBuildFile; fileRef = 642698052A1D797800A7C788 /* TickersTests.swift */; };
		642698102A1D797800A7C788 /* TickersUITests.swift in Sources */ = {isa = PBXBuildFile; fileRef = 6426980F2A1D797800A7C788 /* TickersUITests.swift */; };
		642698122A1D797800A7C788 /* TickersUITestsLaunchTests.swift in Sources */ = {isa = PBXBuildFile; fileRef = 642698112A1D797800A7C788 /* TickersUITestsLaunchTests.swift */; };
/* End PBXBuildFile section */

/* Begin PBXContainerItemProxy section */
		642698022A1D797800A7C788 /* PBXContainerItemProxy */ = {
			isa = PBXContainerItemProxy;
			containerPortal = 642697E92A1D797700A7C788 /* Project object */;
			proxyType = 1;
			remoteGlobalIDString = 642697F02A1D797700A7C788;
			remoteInfo = Tickers;
		};
		6426980C2A1D797800A7C788 /* PBXContainerItemProxy */ = {
			isa = PBXContainerItemProxy;
			containerPortal = 642697E92A1D797700A7C788 /* Project object */;
			proxyType = 1;
			remoteGlobalIDString = 642697F02A1D797700A7C788;
			remoteInfo = Tickers;
		};
/* End PBXContainerItemProxy section */

/* Begin PBXFileReference section */
		642697F12A1D797700A7C788 /* Tickers.app */ = {isa = PBXFileReference; explicitFileType = wrapper.application; includeInIndex = 0; path = Tickers.app; sourceTree = BUILT_PRODUCTS_DIR; };
		642697F42A1D797700A7C788 /* TickersApp.swift */ = {isa = PBXFileReference; lastKnownFileType = sourcecode.swift; path = TickersApp.swift; sourceTree = "<group>"; };
		642697F62A1D797700A7C788 /* ContentView.swift */ = {isa = PBXFileReference; lastKnownFileType = sourcecode.swift; path = ContentView.swift; sourceTree = "<group>"; };
		642697F82A1D797800A7C788 /* Assets.xcassets */ = {isa = PBXFileReference; lastKnownFileType = folder.assetcatalog; path = Assets.xcassets; sourceTree = "<group>"; };
		642697FB2A1D797800A7C788 /* Preview Assets.xcassets */ = {isa = PBXFileReference; lastKnownFileType = folder.assetcatalog; path = "Preview Assets.xcassets"; sourceTree = "<group>"; };
		642698012A1D797800A7C788 /* TickersTests.xctest */ = {isa = PBXFileReference; explicitFileType = wrapper.cfbundle; includeInIndex = 0; path = TickersTests.xctest; sourceTree = BUILT_PRODUCTS_DIR; };
		642698052A1D797800A7C788 /* TickersTests.swift */ = {isa = PBXFileReference; lastKnownFileType = sourcecode.swift; path = TickersTests.swift; sourceTree = "<group>"; };
		6426980B2A1D797800A7C788 /* TickersUITests.xctest */ = {isa = PBXFileReference; explicitFileType = wrapper.cfbundle; includeInIndex = 0; path = TickersUITests.xctest; sourceTree = BUILT_PRODUCTS_DIR; };
		6426980F2A1D797800A7C788 /* TickersUITests.swift */ = {isa = PBXFileReference; lastKnownFileType = sourcecode.swift; path = TickersUITests.swift; sourceTree = "<group>"; };
		642698112A1D797800A7C788 /* TickersUITestsLaunchTests.swift */ = {isa = PBXFileReference; lastKnownFileType = sourcecode.swift; path = TickersUITestsLaunchTests.swift; sourceTree = "<group>"; };
/* End PBXFileReference section */

/* Begin PBXFrameworksBuildPhase section */
		642697EE2A1D797700A7C788 /* Frameworks */ = {
			isa = PBXFrameworksBuildPhase;
			buildActionMask = 2147483647;
			files = (
			);
			runOnlyForDeploymentPostprocessing = 0;
		};
		642697FE2A1D797800A7C788 /* Frameworks */ = {
			isa = PBXFrameworksBuildPhase;
			buildActionMask = 2147483647;
			files = (
			);
			runOnlyForDeploymentPostprocessing = 0;
		};
		642698082A1D797800A7C788 /* Frameworks */ = {
			isa = PBXFrameworksBuildPhase;
			buildActionMask = 2147483647;
			files = (
			);
			runOnlyForDeploymentPostprocessing = 0;
		};
/* End PBXFrameworksBuildPhase section */

/* Begin PBXGroup section */
		642697E82A1D797700A7C788 = {
			isa = PBXGroup;
			children = (
				642697F32A1D797700A7C788 /* Tickers */,
				642698042A1D797800A7C788 /* TickersTests */,
				6426980E2A1D797800A7C788 /* TickersUITests */,
				642697F22A1D797700A7C788 /* Products */,
			);
			sourceTree = "<group>";
		};
		642697F22A1D797700A7C788 /* Products */ = {
			isa = PBXGroup;
			children = (
				642697F12A1D797700A7C788 /* Tickers.app */,
				642698012A1D797800A7C788 /* TickersTests.xctest */,
				6426980B2A1D797800A7C788 /* TickersUITests.xctest */,
			);
			name = Products;
			sourceTree = "<group>";
		};
		642697F32A1D797700A7C788 /* Tickers */ = {
			isa = PBXGroup;
			children = (
				642697F42A1D797700A7C788 /* TickersApp.swift */,
				642697F62A1D797700A7C788 /* ContentView.swift */,
				642697F82A1D797800A7C788 /* Assets.xcassets */,
				642697FA2A1D797800A7C788 /* Preview Content */,
			);
			path = Tickers;
			sourceTree = "<group>";
		};
		642697FA2A1D797800A7C788 /* Preview Content */ = {
			isa = PBXGroup;
			children = (
				642697FB2A1D797800A7C788 /* Preview Assets.xcassets */,
			);
			path = "Preview Content";
			sourceTree = "<group>";
		};
		642698042A1D797800A7C788 /* TickersTests */ = {
			isa = PBXGroup;
			children = (
				642698052A1D797800A7C788 /* TickersTests.swift */,
			);
			path = TickersTests;
			sourceTree = "<group>";
		};
		6426980E2A1D797800A7C788 /* TickersUITests */ = {
			isa = PBXGroup;
			children = (
				6426980F2A1D797800A7C788 /* TickersUITests.swift */,
				642698112A1D797800A7C788 /* TickersUITestsLaunchTests.swift */,
			);
			path = TickersUITests;
			sourceTree = "<group>";
		};
/* End PBXGroup section */

/* Begin PBXNativeTarget section */
		642697F02A1D797700A7C788 /* Tickers */ = {
			isa = PBXNativeTarget;
			buildConfigurationList = 642698152A1D797800A7C788 /* Build configuration list for PBXNativeTarget "Tickers" */;
			buildPhases = (
				642697ED2A1D797700A7C788 /* Sources */,
				642697EE2A1D797700A7C788 /* Frameworks */,
				642697EF2A1D797700A7C788 /* Resources */,
			);
			buildRules = (
			);
			dependencies = (
			);
			name = Tickers;
			productName = Tickers;
			productReference = 642697F12A1D797700A7C788 /* Tickers.app */;
			productType = "com.apple.product-type.application";
		};
		642698002A1D797800A7C788 /* TickersTests */ = {
			isa = PBXNativeTarget;
			buildConfigurationList = 642698182A1D797800A7C788 /* Build configuration list for PBXNativeTarget "TickersTests" */;
			buildPhases = (
				642697FD2A1D797800A7C788 /* Sources */,
				642697FE2A1D797800A7C788 /* Frameworks */,
				642697FF2A1D797800A7C788 /* Resources */,
			);
			buildRules = (
			);
			dependencies = (
				642698032A1D797800A7C788 /* PBXTargetDependency */,
			);
			name = TickersTests;
			productName = TickersTests;
			productReference = 642698012A1D797800A7C788 /* TickersTests.xctest */;
			productType = "com.apple.product-type.bundle.unit-test";
		};
		6426980A2A1D797800A7C788 /* TickersUITests */ = {
			isa = PBXNativeTarget;
			buildConfigurationList = 6426981B2A1D797800A7C788 /* Build configuration list for PBXNativeTarget "TickersUITests" */;
			buildPhases = (
				642698072A1D797800A7C788 /* Sources */,
				642698082A1D797800A7C788 /* Frameworks */,
				642698092A1D797800A7C788 /* Resources */,
			);
			buildRules = (
			);
			dependencies = (
				6426980D2A1D797800A7C788 /* PBXTargetDependency */,
			);
			name = TickersUITests;
			productName = TickersUITests;
			productReference = 6426980B2A1D797800A7C788 /* TickersUITests.xctest */;
			productType = "com.apple.product-type.bundle.ui-testing";
		};
/* End PBXNativeTarget section */

/* Begin PBXProject section */
		642697E92A1D797700A7C788 /* Project object */ = {
			isa = PBXProject;
			attributes = {
				BuildIndependentTargetsInParallel = 1;
				LastSwiftUpdateCheck = 1430;
				LastUpgradeCheck = 1430;
				TargetAttributes = {
					642697F02A1D797700A7C788 = {
						CreatedOnToolsVersion = 14.3;
					};
					642698002A1D797800A7C788 = {
						CreatedOnToolsVersion = 14.3;
						TestTargetID = 642697F02A1D797700A7C788;
					};
					6426980A2A1D797800A7C788 = {
						CreatedOnToolsVersion = 14.3;
						TestTargetID = 642697F02A1D797700A7C788;
					};
				};
			};
			buildConfigurationList = 642697EC2A1D797700A7C788 /* Build configuration list for PBXProject "Tickers" */;
			compatibilityVersion = "Xcode 14.0";
			developmentRegion = en;
			hasScannedForEncodings = 0;
			knownRegions = (
				en,
				Base,
			);
			mainGroup = 642697E82A1D797700A7C788;
			productRefGroup = 642697F22A1D797700A7C788 /* Products */;
			projectDirPath = "";
			projectRoot = "";
			targets = (
				642697F02A1D797700A7C788 /* Tickers */,
				642698002A1D797800A7C788 /* TickersTests */,
				6426980A2A1D797800A7C788 /* TickersUITests */,
			);
		};
/* End PBXProject section */

/* Begin PBXResourcesBuildPhase section */
		642697EF2A1D797700A7C788 /* Resources */ = {
			isa = PBXResourcesBuildPhase;
			buildActionMask = 2147483647;
			files = (
				642697FC2A1D797800A7C788 /* Preview Assets.xcassets in Resources */,
				642697F92A1D797800A7C788 /* Assets.xcassets in Resources */,
			);
			runOnlyForDeploymentPostprocessing = 0;
		};
		642697FF2A1D797800A7C788 /* Resources */ = {
			isa = PBXResourcesBuildPhase;
			buildActionMask = 2147483647;
			files = (
			);
			runOnlyForDeploymentPostprocessing = 0;
		};
		642698092A1D797800A7C788 /* Resources */ = {
			isa = PBXResourcesBuildPhase;
			buildActionMask = 2147483647;
			files = (
			);
			runOnlyForDeploymentPostprocessing = 0;
		};
/* End PBXResourcesBuildPhase section */

/* Begin PBXSourcesBuildPhase section */
		642697ED2A1D797700A7C788 /* Sources */ = {
			isa = PBXSourcesBuildPhase;
			buildActionMask = 2147483647;
			files = (
				642697F72A1D797700A7C788 /* ContentView.swift in Sources */,
				642697F52A1D797700A7C788 /* TickersApp.swift in Sources */,
			);
			runOnlyForDeploymentPostprocessing = 0;
		};
		642697FD2A1D797800A7C788 /* Sources */ = {
			isa = PBXSourcesBuildPhase;
			buildActionMask = 2147483647;
			files = (
				642698062A1D797800A7C788 /* TickersTests.swift in Sources */,
			);
			runOnlyForDeploymentPostprocessing = 0;
		};
		642698072A1D797800A7C788 /* Sources */ = {
			isa = PBXSourcesBuildPhase;
			buildActionMask = 2147483647;
			files = (
				642698122A1D797800A7C788 /* TickersUITestsLaunchTests.swift in Sources */,
				642698102A1D797800A7C788 /* TickersUITests.swift in Sources */,
			);
			runOnlyForDeploymentPostprocessing = 0;
		};
/* End PBXSourcesBuildPhase section */

/* Begin PBXTargetDependency section */
		642698032A1D797800A7C788 /* PBXTargetDependency */ = {
			isa = PBXTargetDependency;
			target = 642697F02A1D797700A7C788 /* Tickers */;
			targetProxy = 642698022A1D797800A7C788 /* PBXContainerItemProxy */;
		};
		6426980D2A1D797800A7C788 /* PBXTargetDependency */ = {
			isa = PBXTargetDependency;
			target = 642697F02A1D797700A7C788 /* Tickers */;
			targetProxy = 6426980C2A1D797800A7C788 /* PBXContainerItemProxy */;
		};
/* End PBXTargetDependency section */

/* Begin XCBuildConfiguration section */
		642698132A1D797800A7C788 /* Debug */ = {
			isa = XCBuildConfiguration;
			buildSettings = {
				ALWAYS_SEARCH_USER_PATHS = NO;
				CLANG_ANALYZER_NONNULL = YES;
				CLANG_ANALYZER_NUMBER_OBJECT_CONVERSION = YES_AGGRESSIVE;
				CLANG_CXX_LANGUAGE_STANDARD = "gnu++20";
				CLANG_ENABLE_MODULES = YES;
				CLANG_ENABLE_OBJC_ARC = YES;
				CLANG_ENABLE_OBJC_WEAK = YES;
				CLANG_WARN_BLOCK_CAPTURE_AUTORELEASING = YES;
				CLANG_WARN_BOOL_CONVERSION = YES;
				CLANG_WARN_COMMA = YES;
				CLANG_WARN_CONSTANT_CONVERSION = YES;
				CLANG_WARN_DEPRECATED_OBJC_IMPLEMENTATIONS = YES;
				CLANG_WARN_DIRECT_OBJC_ISA_USAGE = YES_ERROR;
				CLANG_WARN_DOCUMENTATION_COMMENTS = YES;
				CLANG_WARN_EMPTY_BODY = YES;
				CLANG_WARN_ENUM_CONVERSION = YES;
				CLANG_WARN_INFINITE_RECURSION = YES;
				CLANG_WARN_INT_CONVERSION = YES;
				CLANG_WARN_NON_LITERAL_NULL_CONVERSION = YES;
				CLANG_WARN_OBJC_IMPLICIT_RETAIN_SELF = YES;
				CLANG_WARN_OBJC_LITERAL_CONVERSION = YES;
				CLANG_WARN_OBJC_ROOT_CLASS = YES_ERROR;
				CLANG_WARN_QUOTED_INCLUDE_IN_FRAMEWORK_HEADER = YES;
				CLANG_WARN_RANGE_LOOP_ANALYSIS = YES;
				CLANG_WARN_STRICT_PROTOTYPES = YES;
				CLANG_WARN_SUSPICIOUS_MOVE = YES;
				CLANG_WARN_UNGUARDED_AVAILABILITY = YES_AGGRESSIVE;
				CLANG_WARN_UNREACHABLE_CODE = YES;
				CLANG_WARN__DUPLICATE_METHOD_MATCH = YES;
				COPY_PHASE_STRIP = NO;
				DEBUG_INFORMATION_FORMAT = dwarf;
				ENABLE_STRICT_OBJC_MSGSEND = YES;
				ENABLE_TESTABILITY = YES;
				GCC_C_LANGUAGE_STANDARD = gnu11;
				GCC_DYNAMIC_NO_PIC = NO;
				GCC_NO_COMMON_BLOCKS = YES;
				GCC_OPTIMIZATION_LEVEL = 0;
				GCC_PREPROCESSOR_DEFINITIONS = (
					"DEBUG=1",
					"$(inherited)",
				);
				GCC_WARN_64_TO_32_BIT_CONVERSION = YES;
				GCC_WARN_ABOUT_RETURN_TYPE = YES_ERROR;
				GCC_WARN_UNDECLARED_SELECTOR = YES;
				GCC_WARN_UNINITIALIZED_AUTOS = YES_AGGRESSIVE;
				GCC_WARN_UNUSED_FUNCTION = YES;
				GCC_WARN_UNUSED_VARIABLE = YES;
				IPHONEOS_DEPLOYMENT_TARGET = 16.4;
				MTL_ENABLE_DEBUG_INFO = INCLUDE_SOURCE;
				MTL_FAST_MATH = YES;
				ONLY_ACTIVE_ARCH = YES;
				SDKROOT = iphoneos;
				SWIFT_ACTIVE_COMPILATION_CONDITIONS = DEBUG;
				SWIFT_OPTIMIZATION_LEVEL = "-Onone";
			};
			name = Debug;
		};
		642698142A1D797800A7C788 /* Release */ = {
			isa = XCBuildConfiguration;
			buildSettings = {
				ALWAYS_SEARCH_USER_PATHS = NO;
				CLANG_ANALYZER_NONNULL = YES;
				CLANG_ANALYZER_NUMBER_OBJECT_CONVERSION = YES_AGGRESSIVE;
				CLANG_CXX_LANGUAGE_STANDARD = "gnu++20";
				CLANG_ENABLE_MODULES = YES;
				CLANG_ENABLE_OBJC_ARC = YES;
				CLANG_ENABLE_OBJC_WEAK = YES;
				CLANG_WARN_BLOCK_CAPTURE_AUTORELEASING = YES;
				CLANG_WARN_BOOL_CONVERSION = YES;
				CLANG_WARN_COMMA = YES;
				CLANG_WARN_CONSTANT_CONVERSION = YES;
				CLANG_WARN_DEPRECATED_OBJC_IMPLEMENTATIONS = YES;
				CLANG_WARN_DIRECT_OBJC_ISA_USAGE = YES_ERROR;
				CLANG_WARN_DOCUMENTATION_COMMENTS = YES;
				CLANG_WARN_EMPTY_BODY = YES;
				CLANG_WARN_ENUM_CONVERSION = YES;
				CLANG_WARN_INFINITE_RECURSION = YES;
				CLANG_WARN_INT_CONVERSION = YES;
				CLANG_WARN_NON_LITERAL_NULL_CONVERSION = YES;
				CLANG_WARN_OBJC_IMPLICIT_RETAIN_SELF = YES;
				CLANG_WARN_OBJC_LITERAL_CONVERSION = YES;
				CLANG_WARN_OBJC_ROOT_CLASS = YES_ERROR;
				CLANG_WARN_QUOTED_INCLUDE_IN_FRAMEWORK_HEADER = YES;
				CLANG_WARN_RANGE_LOOP_ANALYSIS = YES;
				CLANG_WARN_STRICT_PROTOTYPES = YES;
				CLANG_WARN_SUSPICIOUS_MOVE = YES;
				CLANG_WARN_UNGUARDED_AVAILABILITY = YES_AGGRESSIVE;
				CLANG_WARN_UNREACHABLE_CODE = YES;
				CLANG_WARN__DUPLICATE_METHOD_MATCH = YES;
				COPY_PHASE_STRIP = NO;
				DEBUG_INFORMATION_FORMAT = "dwarf-with-dsym";
				ENABLE_NS_ASSERTIONS = NO;
				ENABLE_STRICT_OBJC_MSGSEND = YES;
				GCC_C_LANGUAGE_STANDARD = gnu11;
				GCC_NO_COMMON_BLOCKS = YES;
				GCC_WARN_64_TO_32_BIT_CONVERSION = YES;
				GCC_WARN_ABOUT_RETURN_TYPE = YES_ERROR;
				GCC_WARN_UNDECLARED_SELECTOR = YES;
				GCC_WARN_UNINITIALIZED_AUTOS = YES_AGGRESSIVE;
				GCC_WARN_UNUSED_FUNCTION = YES;
				GCC_WARN_UNUSED_VARIABLE = YES;
				IPHONEOS_DEPLOYMENT_TARGET = 16.4;
				MTL_ENABLE_DEBUG_INFO = NO;
				MTL_FAST_MATH = YES;
				SDKROOT = iphoneos;
				SWIFT_COMPILATION_MODE = wholemodule;
				SWIFT_OPTIMIZATION_LEVEL = "-O";
				VALIDATE_PRODUCT = YES;
			};
			name = Release;
		};
		642698162A1D797800A7C788 /* Debug */ = {
			isa = XCBuildConfiguration;
			buildSettings = {
				ASSETCATALOG_COMPILER_APPICON_NAME = AppIcon;
				ASSETCATALOG_COMPILER_GLOBAL_ACCENT_COLOR_NAME = AccentColor;
				CODE_SIGN_STYLE = Automatic;
				CURRENT_PROJECT_VERSION = 1;
				DEVELOPMENT_ASSET_PATHS = "\"Tickers/Preview Content\"";
				DEVELOPMENT_TEAM = MT4A7M75NC;
				ENABLE_PREVIEWS = YES;
				GENERATE_INFOPLIST_FILE = YES;
				INFOPLIST_KEY_UIApplicationSceneManifest_Generation = YES;
				INFOPLIST_KEY_UIApplicationSupportsIndirectInputEvents = YES;
				INFOPLIST_KEY_UILaunchScreen_Generation = YES;
				INFOPLIST_KEY_UISupportedInterfaceOrientations_iPad = "UIInterfaceOrientationPortrait UIInterfaceOrientationPortraitUpsideDown UIInterfaceOrientationLandscapeLeft UIInterfaceOrientationLandscapeRight";
				INFOPLIST_KEY_UISupportedInterfaceOrientations_iPhone = "UIInterfaceOrientationPortrait UIInterfaceOrientationLandscapeLeft UIInterfaceOrientationLandscapeRight";
				IPHONEOS_DEPLOYMENT_TARGET = 15.0;
				LD_RUNPATH_SEARCH_PATHS = (
					"$(inherited)",
					"@executable_path/Frameworks",
				);
				MARKETING_VERSION = 1.0;
				PRODUCT_BUNDLE_IDENTIFIER = SwiftUI.Tickers;
				PRODUCT_NAME = "$(TARGET_NAME)";
				SWIFT_EMIT_LOC_STRINGS = YES;
				SWIFT_VERSION = 5.0;
				TARGETED_DEVICE_FAMILY = "1,2";
			};
			name = Debug;
		};
		642698172A1D797800A7C788 /* Release */ = {
			isa = XCBuildConfiguration;
			buildSettings = {
				ASSETCATALOG_COMPILER_APPICON_NAME = AppIcon;
				ASSETCATALOG_COMPILER_GLOBAL_ACCENT_COLOR_NAME = AccentColor;
				CODE_SIGN_STYLE = Automatic;
				CURRENT_PROJECT_VERSION = 1;
				DEVELOPMENT_ASSET_PATHS = "\"Tickers/Preview Content\"";
				DEVELOPMENT_TEAM = MT4A7M75NC;
				ENABLE_PREVIEWS = YES;
				GENERATE_INFOPLIST_FILE = YES;
				INFOPLIST_KEY_UIApplicationSceneManifest_Generation = YES;
				INFOPLIST_KEY_UIApplicationSupportsIndirectInputEvents = YES;
				INFOPLIST_KEY_UILaunchScreen_Generation = YES;
				INFOPLIST_KEY_UISupportedInterfaceOrientations_iPad = "UIInterfaceOrientationPortrait UIInterfaceOrientationPortraitUpsideDown UIInterfaceOrientationLandscapeLeft UIInterfaceOrientationLandscapeRight";
				INFOPLIST_KEY_UISupportedInterfaceOrientations_iPhone = "UIInterfaceOrientationPortrait UIInterfaceOrientationLandscapeLeft UIInterfaceOrientationLandscapeRight";
				IPHONEOS_DEPLOYMENT_TARGET = 15.0;
				LD_RUNPATH_SEARCH_PATHS = (
					"$(inherited)",
					"@executable_path/Frameworks",
				);
				MARKETING_VERSION = 1.0;
				PRODUCT_BUNDLE_IDENTIFIER = SwiftUI.Tickers;
				PRODUCT_NAME = "$(TARGET_NAME)";
				SWIFT_EMIT_LOC_STRINGS = YES;
				SWIFT_VERSION = 5.0;
				TARGETED_DEVICE_FAMILY = "1,2";
			};
			name = Release;
		};
		642698192A1D797800A7C788 /* Debug */ = {
			isa = XCBuildConfiguration;
			buildSettings = {
				ALWAYS_EMBED_SWIFT_STANDARD_LIBRARIES = YES;
				BUNDLE_LOADER = "$(TEST_HOST)";
				CODE_SIGN_STYLE = Automatic;
				CURRENT_PROJECT_VERSION = 1;
				DEVELOPMENT_TEAM = MT4A7M75NC;
				GENERATE_INFOPLIST_FILE = YES;
				IPHONEOS_DEPLOYMENT_TARGET = 16.4;
				MARKETING_VERSION = 1.0;
				PRODUCT_BUNDLE_IDENTIFIER = SwiftUI.TickersTests;
				PRODUCT_NAME = "$(TARGET_NAME)";
				SWIFT_EMIT_LOC_STRINGS = NO;
				SWIFT_VERSION = 5.0;
				TARGETED_DEVICE_FAMILY = "1,2";
				TEST_HOST = "$(BUILT_PRODUCTS_DIR)/Tickers.app/$(BUNDLE_EXECUTABLE_FOLDER_PATH)/Tickers";
			};
			name = Debug;
		};
		6426981A2A1D797800A7C788 /* Release */ = {
			isa = XCBuildConfiguration;
			buildSettings = {
				ALWAYS_EMBED_SWIFT_STANDARD_LIBRARIES = YES;
				BUNDLE_LOADER = "$(TEST_HOST)";
				CODE_SIGN_STYLE = Automatic;
				CURRENT_PROJECT_VERSION = 1;
				DEVELOPMENT_TEAM = MT4A7M75NC;
				GENERATE_INFOPLIST_FILE = YES;
				IPHONEOS_DEPLOYMENT_TARGET = 16.4;
				MARKETING_VERSION = 1.0;
				PRODUCT_BUNDLE_IDENTIFIER = SwiftUI.TickersTests;
				PRODUCT_NAME = "$(TARGET_NAME)";
				SWIFT_EMIT_LOC_STRINGS = NO;
				SWIFT_VERSION = 5.0;
				TARGETED_DEVICE_FAMILY = "1,2";
				TEST_HOST = "$(BUILT_PRODUCTS_DIR)/Tickers.app/$(BUNDLE_EXECUTABLE_FOLDER_PATH)/Tickers";
			};
			name = Release;
		};
		6426981C2A1D797800A7C788 /* Debug */ = {
			isa = XCBuildConfiguration;
			buildSettings = {
				ALWAYS_EMBED_SWIFT_STANDARD_LIBRARIES = YES;
				CODE_SIGN_STYLE = Automatic;
				CURRENT_PROJECT_VERSION = 1;
				DEVELOPMENT_TEAM = MT4A7M75NC;
				GENERATE_INFOPLIST_FILE = YES;
				MARKETING_VERSION = 1.0;
				PRODUCT_BUNDLE_IDENTIFIER = SwiftUI.TickersUITests;
				PRODUCT_NAME = "$(TARGET_NAME)";
				SWIFT_EMIT_LOC_STRINGS = NO;
				SWIFT_VERSION = 5.0;
				TARGETED_DEVICE_FAMILY = "1,2";
				TEST_TARGET_NAME = Tickers;
			};
			name = Debug;
		};
		6426981D2A1D797800A7C788 /* Release */ = {
			isa = XCBuildConfiguration;
			buildSettings = {
				ALWAYS_EMBED_SWIFT_STANDARD_LIBRARIES = YES;
				CODE_SIGN_STYLE = Automatic;
				CURRENT_PROJECT_VERSION = 1;
				DEVELOPMENT_TEAM = MT4A7M75NC;
				GENERATE_INFOPLIST_FILE = YES;
				MARKETING_VERSION = 1.0;
				PRODUCT_BUNDLE_IDENTIFIER = SwiftUI.TickersUITests;
				PRODUCT_NAME = "$(TARGET_NAME)";
				SWIFT_EMIT_LOC_STRINGS = NO;
				SWIFT_VERSION = 5.0;
				TARGETED_DEVICE_FAMILY = "1,2";
				TEST_TARGET_NAME = Tickers;
			};
			name = Release;
		};
/* End XCBuildConfiguration section */

/* Begin XCConfigurationList section */
		642697EC2A1D797700A7C788 /* Build configuration list for PBXProject "Tickers" */ = {
			isa = XCConfigurationList;
			buildConfigurations = (
				642698132A1D797800A7C788 /* Debug */,
				642698142A1D797800A7C788 /* Release */,
			);
			defaultConfigurationIsVisible = 0;
			defaultConfigurationName = Release;
		};
		642698152A1D797800A7C788 /* Build configuration list for PBXNativeTarget "Tickers" */ = {
			isa = XCConfigurationList;
			buildConfigurations = (
				642698162A1D797800A7C788 /* Debug */,
				642698172A1D797800A7C788 /* Release */,
			);
			defaultConfigurationIsVisible = 0;
			defaultConfigurationName = Release;
		};
		642698182A1D797800A7C788 /* Build configuration list for PBXNativeTarget "TickersTests" */ = {
			isa = XCConfigurationList;
			buildConfigurations = (
				642698192A1D797800A7C788 /* Debug */,
				6426981A2A1D797800A7C788 /* Release */,
			);
			defaultConfigurationIsVisible = 0;
			defaultConfigurationName = Release;
		};
		6426981B2A1D797800A7C788 /* Build configuration list for PBXNativeTarget "TickersUITests" */ = {
			isa = XCConfigurationList;
			buildConfigurations = (
				6426981C2A1D797800A7C788 /* Debug */,
				6426981D2A1D797800A7C788 /* Release */,
			);
			defaultConfigurationIsVisible = 0;
			defaultConfigurationName = Release;
		};
/* End XCConfigurationList section */
	};
	rootObject = 642697E92A1D797700A7C788 /* Project object */;
}
