// !$*UTF8*$!
{
	archiveVersion = 1;
	classes = {
	};
	objectVersion = 56;
	objects = {

/* Begin PBXBuildFile section */
		340FA70B2A4271D1000232E0 /* PomodoroViewModel.swift in Sources */ = {isa = PBXBuildFile; fileRef = 340FA70A2A4271D1000232E0 /* PomodoroViewModel.swift */; };
		3441CC182A3D10AC004A2D4C /* TickerModel.swift in Sources */ = {isa = PBXBuildFile; fileRef = 3441CC172A3D10AC004A2D4C /* TickerModel.swift */; };
		3441CC1A2A3D3003004A2D4C /* TickerViewModel.swift in Sources */ = {isa = PBXBuildFile; fileRef = 3441CC192A3D3003004A2D4C /* TickerViewModel.swift */; };
		3455BC432A3A75C7004A430A /* navigationViewModifier.swift in Sources */ = {isa = PBXBuildFile; fileRef = 3455BC422A3A75C7004A430A /* navigationViewModifier.swift */; };
		3455BC462A3A776E004A430A /* NavigationBarTextView.swift in Sources */ = {isa = PBXBuildFile; fileRef = 3455BC452A3A776E004A430A /* NavigationBarTextView.swift */; };
		345E236E2A2FE15A00AEF1CB /* CircularProgressView.swift in Sources */ = {isa = PBXBuildFile; fileRef = 345E236C2A2FE15A00AEF1CB /* CircularProgressView.swift */; };
		345E236F2A2FE15A00AEF1CB /* StopWatchView.swift in Sources */ = {isa = PBXBuildFile; fileRef = 345E236D2A2FE15A00AEF1CB /* StopWatchView.swift */; };
		345E23952A30054000AEF1CB /* TextFieldView.swift in Sources */ = {isa = PBXBuildFile; fileRef = 345E23942A30054000AEF1CB /* TextFieldView.swift */; };
		345E23972A30055600AEF1CB /* TabBarView.swift in Sources */ = {isa = PBXBuildFile; fileRef = 345E23962A30055600AEF1CB /* TabBarView.swift */; };
		345E239F2A30066200AEF1CB /* HomeView.swift in Sources */ = {isa = PBXBuildFile; fileRef = 345E239E2A30066200AEF1CB /* HomeView.swift */; };
		345E23A32A3006E700AEF1CB /* PerfilView.swift in Sources */ = {isa = PBXBuildFile; fileRef = 345E23A22A3006E700AEF1CB /* PerfilView.swift */; };
		345E23A82A30071400AEF1CB /* PomodoroView.swift in Sources */ = {isa = PBXBuildFile; fileRef = 345E23A72A30071400AEF1CB /* PomodoroView.swift */; };
		34626C8F2A300952004737E7 /* FocusView.swift in Sources */ = {isa = PBXBuildFile; fileRef = 34626C8E2A300952004737E7 /* FocusView.swift */; };
		34626C922A300A61004737E7 /* DefinitionsView.swift in Sources */ = {isa = PBXBuildFile; fileRef = 34626C912A300A61004737E7 /* DefinitionsView.swift */; };
		34626C972A31335B004737E7 /* AchievementModel.swift in Sources */ = {isa = PBXBuildFile; fileRef = 34626C962A31335B004737E7 /* AchievementModel.swift */; };
		34626C992A31337D004737E7 /* NavigationBar.swift in Sources */ = {isa = PBXBuildFile; fileRef = 34626C982A31337D004737E7 /* NavigationBar.swift */; };
		346C0A592A660BB30042C9DD /* SoundHelper.swift in Sources */ = {isa = PBXBuildFile; fileRef = 346C0A582A660BB30042C9DD /* SoundHelper.swift */; };
		346C0A762A673AB80042C9DD /* agua.mp3 in Resources */ = {isa = PBXBuildFile; fileRef = 346C0A722A673AB80042C9DD /* agua.mp3 */; };
		346C0A772A673AB80042C9DD /* tempestade.mp3 in Resources */ = {isa = PBXBuildFile; fileRef = 346C0A732A673AB80042C9DD /* tempestade.mp3 */; };
		346C0A782A673AB80042C9DD /* chuva.mp3 in Resources */ = {isa = PBXBuildFile; fileRef = 346C0A742A673AB80042C9DD /* chuva.mp3 */; };
		346C0A792A673AB80042C9DD /* Lo-Fi.mp3 in Resources */ = {isa = PBXBuildFile; fileRef = 346C0A752A673AB80042C9DD /* Lo-Fi.mp3 */; };
		35B5C9D02A4CE6430088DF6F /* AchievCardView.swift in Sources */ = {isa = PBXBuildFile; fileRef = 35B5C9CF2A4CE6430088DF6F /* AchievCardView.swift */; };
		642697F52A1D797700A7C788 /* TickersApp.swift in Sources */ = {isa = PBXBuildFile; fileRef = 642697F42A1D797700A7C788 /* TickersApp.swift */; };
		642697F92A1D797800A7C788 /* Assets.xcassets in Resources */ = {isa = PBXBuildFile; fileRef = 642697F82A1D797800A7C788 /* Assets.xcassets */; };
		642697FC2A1D797800A7C788 /* Preview Assets.xcassets in Resources */ = {isa = PBXBuildFile; fileRef = 642697FB2A1D797800A7C788 /* Preview Assets.xcassets */; };
		642698062A1D797800A7C788 /* TickersTests.swift in Sources */ = {isa = PBXBuildFile; fileRef = 642698052A1D797800A7C788 /* TickersTests.swift */; };
		642698102A1D797800A7C788 /* TickersUITests.swift in Sources */ = {isa = PBXBuildFile; fileRef = 6426980F2A1D797800A7C788 /* TickersUITests.swift */; };
		642698122A1D797800A7C788 /* TickersUITestsLaunchTests.swift in Sources */ = {isa = PBXBuildFile; fileRef = 642698112A1D797800A7C788 /* TickersUITestsLaunchTests.swift */; };
		6427D6E62A2560C700F66288 /* SoundScreenView.swift in Sources */ = {isa = PBXBuildFile; fileRef = 6427D6E52A2560C700F66288 /* SoundScreenView.swift */; };
		642E72962A2A9CF7008A6F21 /* RadioButtonView.swift in Sources */ = {isa = PBXBuildFile; fileRef = 642E72952A2A9CF7008A6F21 /* RadioButtonView.swift */; };
		646E1B852A2808E6004B4583 /* ButtonUp.swift in Sources */ = {isa = PBXBuildFile; fileRef = 646E1B842A2808E6004B4583 /* ButtonUp.swift */; };
		646E1B872A280A64004B4583 /* ButtonReturn.swift in Sources */ = {isa = PBXBuildFile; fileRef = 646E1B862A280A64004B4583 /* ButtonReturn.swift */; };
		6488087E2A26CD630031D2BA /* LvlProgressBarView.swift in Sources */ = {isa = PBXBuildFile; fileRef = 6488087D2A26CD630031D2BA /* LvlProgressBarView.swift */; };
		6492E9B22A201FB100F608BB /* Nunito-Bold.ttf in Resources */ = {isa = PBXBuildFile; fileRef = 6492E9B12A201FB100F608BB /* Nunito-Bold.ttf */; };
		6492E9B42A20207400F608BB /* Nunito-Regular.ttf in Resources */ = {isa = PBXBuildFile; fileRef = 6492E9B32A20207400F608BB /* Nunito-Regular.ttf */; };
		6492E9B62A202A7600F608BB /* TickerFont.swift in Sources */ = {isa = PBXBuildFile; fileRef = 6492E9B52A202A7600F608BB /* TickerFont.swift */; };
		64D0A7982A27FA860074EF28 /* CardView.swift in Sources */ = {isa = PBXBuildFile; fileRef = 64D0A7972A27FA860074EF28 /* CardView.swift */; };
		64D0A79A2A27FEA40074EF28 /* EggCardView.swift in Sources */ = {isa = PBXBuildFile; fileRef = 64D0A7992A27FEA40074EF28 /* EggCardView.swift */; };
		64D0A79C2A27FEB10074EF28 /* PetcardView.swift in Sources */ = {isa = PBXBuildFile; fileRef = 64D0A79B2A27FEB10074EF28 /* PetcardView.swift */; };
		C867C46D2A39183F0035D757 /* AchievmentCellView.swift in Sources */ = {isa = PBXBuildFile; fileRef = C867C46C2A39183F0035D757 /* AchievmentCellView.swift */; };
		C867C47C2A4123BC0035D757 /* AchievementScreenView.swift in Sources */ = {isa = PBXBuildFile; fileRef = C867C47B2A4123BC0035D757 /* AchievementScreenView.swift */; };
		C867C47E2A4254310035D757 /* AchievementViewModel.swift in Sources */ = {isa = PBXBuildFile; fileRef = C867C47D2A4254310035D757 /* AchievementViewModel.swift */; };
		DD0738562A4FACA600D681E1 /* SoundViewModel.swift in Sources */ = {isa = PBXBuildFile; fileRef = DD0738552A4FACA600D681E1 /* SoundViewModel.swift */; };
		DD0738582A4FACD300D681E1 /* SoundModel.swift in Sources */ = {isa = PBXBuildFile; fileRef = DD0738572A4FACD300D681E1 /* SoundModel.swift */; };
		DD07385A2A5376CA00D681E1 /* SoundCardView.swift in Sources */ = {isa = PBXBuildFile; fileRef = DD0738592A5376CA00D681E1 /* SoundCardView.swift */; };
		DDF8D9C02A4F8B2800FDAC81 /* TickersView.swift in Sources */ = {isa = PBXBuildFile; fileRef = DDF8D9BF2A4F8B2800FDAC81 /* TickersView.swift */; };
/* End PBXBuildFile section */

/* Begin PBXContainerItemProxy section */
		642698022A1D797800A7C788 /* PBXContainerItemProxy */ = {
			isa = PBXContainerItemProxy;
			containerPortal = 642697E92A1D797700A7C788 /* Project object */;
			proxyType = 1;
			remoteGlobalIDString = 642697F02A1D797700A7C788;
			remoteInfo = Tickers;
		};
		6426980C2A1D797800A7C788 /* PBXContainerItemProxy */ = {
			isa = PBXContainerItemProxy;
			containerPortal = 642697E92A1D797700A7C788 /* Project object */;
			proxyType = 1;
			remoteGlobalIDString = 642697F02A1D797700A7C788;
			remoteInfo = Tickers;
		};
/* End PBXContainerItemProxy section */

/* Begin PBXFileReference section */
		340FA70A2A4271D1000232E0 /* PomodoroViewModel.swift */ = {isa = PBXFileReference; lastKnownFileType = sourcecode.swift; path = PomodoroViewModel.swift; sourceTree = "<group>"; };
		3441CC172A3D10AC004A2D4C /* TickerModel.swift */ = {isa = PBXFileReference; lastKnownFileType = sourcecode.swift; path = TickerModel.swift; sourceTree = "<group>"; };
		3441CC192A3D3003004A2D4C /* TickerViewModel.swift */ = {isa = PBXFileReference; lastKnownFileType = sourcecode.swift; path = TickerViewModel.swift; sourceTree = "<group>"; };
		3455BC422A3A75C7004A430A /* navigationViewModifier.swift */ = {isa = PBXFileReference; lastKnownFileType = sourcecode.swift; path = navigationViewModifier.swift; sourceTree = "<group>"; };
		3455BC452A3A776E004A430A /* NavigationBarTextView.swift */ = {isa = PBXFileReference; lastKnownFileType = sourcecode.swift; path = NavigationBarTextView.swift; sourceTree = "<group>"; };
		345E236C2A2FE15A00AEF1CB /* CircularProgressView.swift */ = {isa = PBXFileReference; fileEncoding = 4; lastKnownFileType = sourcecode.swift; path = CircularProgressView.swift; sourceTree = "<group>"; };
		345E236D2A2FE15A00AEF1CB /* StopWatchView.swift */ = {isa = PBXFileReference; fileEncoding = 4; lastKnownFileType = sourcecode.swift; path = StopWatchView.swift; sourceTree = "<group>"; };
		345E23942A30054000AEF1CB /* TextFieldView.swift */ = {isa = PBXFileReference; lastKnownFileType = sourcecode.swift; path = TextFieldView.swift; sourceTree = "<group>"; };
		345E23962A30055600AEF1CB /* TabBarView.swift */ = {isa = PBXFileReference; lastKnownFileType = sourcecode.swift; path = TabBarView.swift; sourceTree = "<group>"; };
		345E239E2A30066200AEF1CB /* HomeView.swift */ = {isa = PBXFileReference; lastKnownFileType = sourcecode.swift; path = HomeView.swift; sourceTree = "<group>"; };
		345E23A22A3006E700AEF1CB /* PerfilView.swift */ = {isa = PBXFileReference; lastKnownFileType = sourcecode.swift; path = PerfilView.swift; sourceTree = "<group>"; };
		345E23A72A30071400AEF1CB /* PomodoroView.swift */ = {isa = PBXFileReference; lastKnownFileType = sourcecode.swift; path = PomodoroView.swift; sourceTree = "<group>"; };
		34626C8E2A300952004737E7 /* FocusView.swift */ = {isa = PBXFileReference; lastKnownFileType = sourcecode.swift; path = FocusView.swift; sourceTree = "<group>"; };
		34626C912A300A61004737E7 /* DefinitionsView.swift */ = {isa = PBXFileReference; lastKnownFileType = sourcecode.swift; path = DefinitionsView.swift; sourceTree = "<group>"; };
		34626C962A31335B004737E7 /* AchievementModel.swift */ = {isa = PBXFileReference; lastKnownFileType = sourcecode.swift; path = AchievementModel.swift; sourceTree = "<group>"; };
		34626C982A31337D004737E7 /* NavigationBar.swift */ = {isa = PBXFileReference; lastKnownFileType = sourcecode.swift; path = NavigationBar.swift; sourceTree = "<group>"; };
		346C0A582A660BB30042C9DD /* SoundHelper.swift */ = {isa = PBXFileReference; lastKnownFileType = sourcecode.swift; path = SoundHelper.swift; sourceTree = "<group>"; };
		346C0A722A673AB80042C9DD /* agua.mp3 */ = {isa = PBXFileReference; lastKnownFileType = audio.mp3; path = agua.mp3; sourceTree = "<group>"; };
		346C0A732A673AB80042C9DD /* tempestade.mp3 */ = {isa = PBXFileReference; lastKnownFileType = audio.mp3; path = tempestade.mp3; sourceTree = "<group>"; };
		346C0A742A673AB80042C9DD /* chuva.mp3 */ = {isa = PBXFileReference; lastKnownFileType = audio.mp3; path = chuva.mp3; sourceTree = "<group>"; };
		346C0A752A673AB80042C9DD /* Lo-Fi.mp3 */ = {isa = PBXFileReference; lastKnownFileType = audio.mp3; path = "Lo-Fi.mp3"; sourceTree = "<group>"; };
		35B5C9CF2A4CE6430088DF6F /* AchievCardView.swift */ = {isa = PBXFileReference; lastKnownFileType = sourcecode.swift; path = AchievCardView.swift; sourceTree = "<group>"; };
		642697F12A1D797700A7C788 /* Tickers.app */ = {isa = PBXFileReference; explicitFileType = wrapper.application; includeInIndex = 0; path = Tickers.app; sourceTree = BUILT_PRODUCTS_DIR; };
		642697F42A1D797700A7C788 /* TickersApp.swift */ = {isa = PBXFileReference; lastKnownFileType = sourcecode.swift; path = TickersApp.swift; sourceTree = "<group>"; };
		642697F82A1D797800A7C788 /* Assets.xcassets */ = {isa = PBXFileReference; lastKnownFileType = folder.assetcatalog; path = Assets.xcassets; sourceTree = "<group>"; };
		642697FB2A1D797800A7C788 /* Preview Assets.xcassets */ = {isa = PBXFileReference; lastKnownFileType = folder.assetcatalog; path = "Preview Assets.xcassets"; sourceTree = "<group>"; };
		642698012A1D797800A7C788 /* TickersTests.xctest */ = {isa = PBXFileReference; explicitFileType = wrapper.cfbundle; includeInIndex = 0; path = TickersTests.xctest; sourceTree = BUILT_PRODUCTS_DIR; };
		642698052A1D797800A7C788 /* TickersTests.swift */ = {isa = PBXFileReference; lastKnownFileType = sourcecode.swift; path = TickersTests.swift; sourceTree = "<group>"; };
		6426980B2A1D797800A7C788 /* TickersUITests.xctest */ = {isa = PBXFileReference; explicitFileType = wrapper.cfbundle; includeInIndex = 0; path = TickersUITests.xctest; sourceTree = BUILT_PRODUCTS_DIR; };
		6426980F2A1D797800A7C788 /* TickersUITests.swift */ = {isa = PBXFileReference; lastKnownFileType = sourcecode.swift; path = TickersUITests.swift; sourceTree = "<group>"; };
		642698112A1D797800A7C788 /* TickersUITestsLaunchTests.swift */ = {isa = PBXFileReference; lastKnownFileType = sourcecode.swift; path = TickersUITestsLaunchTests.swift; sourceTree = "<group>"; };
		6427D6E52A2560C700F66288 /* SoundScreenView.swift */ = {isa = PBXFileReference; lastKnownFileType = sourcecode.swift; path = SoundScreenView.swift; sourceTree = "<group>"; };
		642E72952A2A9CF7008A6F21 /* RadioButtonView.swift */ = {isa = PBXFileReference; fileEncoding = 4; lastKnownFileType = sourcecode.swift; path = RadioButtonView.swift; sourceTree = "<group>"; };
		646E1B842A2808E6004B4583 /* ButtonUp.swift */ = {isa = PBXFileReference; lastKnownFileType = sourcecode.swift; path = ButtonUp.swift; sourceTree = "<group>"; };
		646E1B862A280A64004B4583 /* ButtonReturn.swift */ = {isa = PBXFileReference; lastKnownFileType = sourcecode.swift; path = ButtonReturn.swift; sourceTree = "<group>"; };
		6488087D2A26CD630031D2BA /* LvlProgressBarView.swift */ = {isa = PBXFileReference; lastKnownFileType = sourcecode.swift; path = LvlProgressBarView.swift; sourceTree = "<group>"; };
		6492E9A42A200A7000F608BB /* Info.plist */ = {isa = PBXFileReference; lastKnownFileType = text.plist; path = Info.plist; sourceTree = "<group>"; };
		6492E9B12A201FB100F608BB /* Nunito-Bold.ttf */ = {isa = PBXFileReference; lastKnownFileType = file; path = "Nunito-Bold.ttf"; sourceTree = "<group>"; };
		6492E9B32A20207400F608BB /* Nunito-Regular.ttf */ = {isa = PBXFileReference; lastKnownFileType = file; path = "Nunito-Regular.ttf"; sourceTree = "<group>"; };
		6492E9B52A202A7600F608BB /* TickerFont.swift */ = {isa = PBXFileReference; lastKnownFileType = sourcecode.swift; path = TickerFont.swift; sourceTree = "<group>"; };
		64D0A7972A27FA860074EF28 /* CardView.swift */ = {isa = PBXFileReference; lastKnownFileType = sourcecode.swift; path = CardView.swift; sourceTree = "<group>"; };
		64D0A7992A27FEA40074EF28 /* EggCardView.swift */ = {isa = PBXFileReference; lastKnownFileType = sourcecode.swift; path = EggCardView.swift; sourceTree = "<group>"; };
		64D0A79B2A27FEB10074EF28 /* PetcardView.swift */ = {isa = PBXFileReference; lastKnownFileType = sourcecode.swift; path = PetcardView.swift; sourceTree = "<group>"; };
		C867C46C2A39183F0035D757 /* AchievmentCellView.swift */ = {isa = PBXFileReference; lastKnownFileType = sourcecode.swift; path = AchievmentCellView.swift; sourceTree = "<group>"; };
		C867C47B2A4123BC0035D757 /* AchievementScreenView.swift */ = {isa = PBXFileReference; lastKnownFileType = sourcecode.swift; path = AchievementScreenView.swift; sourceTree = "<group>"; };
		C867C47D2A4254310035D757 /* AchievementViewModel.swift */ = {isa = PBXFileReference; lastKnownFileType = sourcecode.swift; path = AchievementViewModel.swift; sourceTree = "<group>"; };
		DD0738552A4FACA600D681E1 /* SoundViewModel.swift */ = {isa = PBXFileReference; fileEncoding = 4; lastKnownFileType = sourcecode.swift; path = SoundViewModel.swift; sourceTree = "<group>"; };
		DD0738572A4FACD300D681E1 /* SoundModel.swift */ = {isa = PBXFileReference; fileEncoding = 4; lastKnownFileType = sourcecode.swift; path = SoundModel.swift; sourceTree = "<group>"; };
		DD0738592A5376CA00D681E1 /* SoundCardView.swift */ = {isa = PBXFileReference; fileEncoding = 4; lastKnownFileType = sourcecode.swift; path = SoundCardView.swift; sourceTree = "<group>"; };
		DDF8D9BF2A4F8B2800FDAC81 /* TickersView.swift */ = {isa = PBXFileReference; lastKnownFileType = sourcecode.swift; path = TickersView.swift; sourceTree = "<group>"; };
/* End PBXFileReference section */

/* Begin PBXFrameworksBuildPhase section */
		642697EE2A1D797700A7C788 /* Frameworks */ = {
			isa = PBXFrameworksBuildPhase;
			buildActionMask = 2147483647;
			files = (
			);
			runOnlyForDeploymentPostprocessing = 0;
		};
		642697FE2A1D797800A7C788 /* Frameworks */ = {
			isa = PBXFrameworksBuildPhase;
			buildActionMask = 2147483647;
			files = (
			);
			runOnlyForDeploymentPostprocessing = 0;
		};
		642698082A1D797800A7C788 /* Frameworks */ = {
			isa = PBXFrameworksBuildPhase;
			buildActionMask = 2147483647;
			files = (
			);
			runOnlyForDeploymentPostprocessing = 0;
		};
/* End PBXFrameworksBuildPhase section */

/* Begin PBXGroup section */
		3455BC442A3A75F8004A430A /* SubViews */ = {
			isa = PBXGroup;
			children = (
				3455BC452A3A776E004A430A /* NavigationBarTextView.swift */,
			);
			path = SubViews;
			sourceTree = "<group>";
		};
		345E238F2A30044400AEF1CB /* SoundScreen */ = {
			isa = PBXGroup;
			children = (
				6427D6E52A2560C700F66288 /* SoundScreenView.swift */,
				DD0738602A5397E000D681E1 /* Components */,
			);
			path = SoundScreen;
			sourceTree = "<group>";
		};
		345E23902A30046300AEF1CB /* TickerFont */ = {
			isa = PBXGroup;
			children = (
				6492E9B52A202A7600F608BB /* TickerFont.swift */,
				6492E9B02A201F5400F608BB /* fonts */,
			);
			path = TickerFont;
			sourceTree = "<group>";
		};
		345E23912A3004B800AEF1CB /* Button */ = {
			isa = PBXGroup;
			children = (
				646E1B862A280A64004B4583 /* ButtonReturn.swift */,
				646E1B842A2808E6004B4583 /* ButtonUp.swift */,
			);
			path = Button;
			sourceTree = "<group>";
		};
		345E23992A3005D300AEF1CB /* NavigationBar */ = {
			isa = PBXGroup;
			children = (
				3455BC442A3A75F8004A430A /* SubViews */,
				34626C982A31337D004737E7 /* NavigationBar.swift */,
				3455BC422A3A75C7004A430A /* navigationViewModifier.swift */,
			);
			path = NavigationBar;
			sourceTree = "<group>";
		};
		345E239D2A30065600AEF1CB /* Home */ = {
			isa = PBXGroup;
			children = (
				345E239E2A30066200AEF1CB /* HomeView.swift */,
				DD07385C2A53924500D681E1 /* Components */,
			);
			path = Home;
			sourceTree = "<group>";
		};
		345E23A02A3006A800AEF1CB /* Perfil */ = {
			isa = PBXGroup;
			children = (
				345E23A22A3006E700AEF1CB /* PerfilView.swift */,
				DD07385F2A53975B00D681E1 /* Components */,
			);
			path = Perfil;
			sourceTree = "<group>";
		};
		345E23A62A3006FC00AEF1CB /* Pomodoro */ = {
			isa = PBXGroup;
			children = (
				345E23A72A30071400AEF1CB /* PomodoroView.swift */,
				DD0738612A53980200D681E1 /* Components */,
			);
			path = Pomodoro;
			sourceTree = "<group>";
		};
		34626C8D2A300941004737E7 /* Focus */ = {
			isa = PBXGroup;
			children = (
				34626C8E2A300952004737E7 /* FocusView.swift */,
			);
			path = Focus;
			sourceTree = "<group>";
		};
		34626C902A300A26004737E7 /* definitions */ = {
			isa = PBXGroup;
			children = (
				34626C912A300A61004737E7 /* DefinitionsView.swift */,
			);
			path = definitions;
			sourceTree = "<group>";
		};
		34626C932A300A6B004737E7 /* Models */ = {
			isa = PBXGroup;
			children = (
				3441CC172A3D10AC004A2D4C /* TickerModel.swift */,
				34626C962A31335B004737E7 /* AchievementModel.swift */,
				DD0738572A4FACD300D681E1 /* SoundModel.swift */,
			);
			path = Models;
			sourceTree = "<group>";
		};
		34626C9A2A313496004737E7 /* Assets */ = {
			isa = PBXGroup;
			children = (
				346C0A712A673A980042C9DD /* sounds */,
				345E23902A30046300AEF1CB /* TickerFont */,
				642697F82A1D797800A7C788 /* Assets.xcassets */,
			);
			path = Assets;
			sourceTree = "<group>";
		};
		346C0A712A673A980042C9DD /* sounds */ = {
			isa = PBXGroup;
			children = (
				346C0A722A673AB80042C9DD /* agua.mp3 */,
				346C0A742A673AB80042C9DD /* chuva.mp3 */,
				346C0A752A673AB80042C9DD /* Lo-Fi.mp3 */,
				346C0A732A673AB80042C9DD /* tempestade.mp3 */,
			);
			path = sounds;
			sourceTree = "<group>";
		};
		642697E82A1D797700A7C788 = {
			isa = PBXGroup;
			children = (
				642697F32A1D797700A7C788 /* Tickers */,
				642698042A1D797800A7C788 /* TickersTests */,
				6426980E2A1D797800A7C788 /* TickersUITests */,
				642697F22A1D797700A7C788 /* Products */,
			);
			sourceTree = "<group>";
		};
		642697F22A1D797700A7C788 /* Products */ = {
			isa = PBXGroup;
			children = (
				642697F12A1D797700A7C788 /* Tickers.app */,
				642698012A1D797800A7C788 /* TickersTests.xctest */,
				6426980B2A1D797800A7C788 /* TickersUITests.xctest */,
			);
			name = Products;
			sourceTree = "<group>";
		};
		642697F32A1D797700A7C788 /* Tickers */ = {
			isa = PBXGroup;
			children = (
				346C0A582A660BB30042C9DD /* SoundHelper.swift */,
				DD07385B2A53904800D681E1 /* Views */,
				DD07385D2A53946100D681E1 /* ViewModels */,
				34626C932A300A6B004737E7 /* Models */,
				34626C9A2A313496004737E7 /* Assets */,
				642697F42A1D797700A7C788 /* TickersApp.swift */,
				6492E9A42A200A7000F608BB /* Info.plist */,
				642697FA2A1D797800A7C788 /* Preview Content */,
			);
			path = Tickers;
			sourceTree = "<group>";
		};
		642697FA2A1D797800A7C788 /* Preview Content */ = {
			isa = PBXGroup;
			children = (
				642697FB2A1D797800A7C788 /* Preview Assets.xcassets */,
			);
			path = "Preview Content";
			sourceTree = "<group>";
		};
		642698042A1D797800A7C788 /* TickersTests */ = {
			isa = PBXGroup;
			children = (
				642698052A1D797800A7C788 /* TickersTests.swift */,
			);
			path = TickersTests;
			sourceTree = "<group>";
		};
		6426980E2A1D797800A7C788 /* TickersUITests */ = {
			isa = PBXGroup;
			children = (
				6426980F2A1D797800A7C788 /* TickersUITests.swift */,
				642698112A1D797800A7C788 /* TickersUITestsLaunchTests.swift */,
			);
			path = TickersUITests;
			sourceTree = "<group>";
		};
		648808752A26AA410031D2BA /* CardPet */ = {
			isa = PBXGroup;
			children = (
				64D0A7972A27FA860074EF28 /* CardView.swift */,
				648808782A26CC2C0031D2BA /* SubViews */,
			);
			path = CardPet;
			sourceTree = "<group>";
		};
		648808782A26CC2C0031D2BA /* SubViews */ = {
			isa = PBXGroup;
			children = (
				6488087D2A26CD630031D2BA /* LvlProgressBarView.swift */,
				64D0A7992A27FEA40074EF28 /* EggCardView.swift */,
				64D0A79B2A27FEB10074EF28 /* PetcardView.swift */,
			);
			path = SubViews;
			sourceTree = "<group>";
		};
		6492E9B02A201F5400F608BB /* fonts */ = {
			isa = PBXGroup;
			children = (
				6492E9B12A201FB100F608BB /* Nunito-Bold.ttf */,
				6492E9B32A20207400F608BB /* Nunito-Regular.ttf */,
			);
			path = fonts;
			sourceTree = "<group>";
		};
		64D0A7942A27F5F60074EF28 /* GlobalComponents */ = {
			isa = PBXGroup;
			children = (
				345E23992A3005D300AEF1CB /* NavigationBar */,
				345E23912A3004B800AEF1CB /* Button */,
				345E23962A30055600AEF1CB /* TabBarView.swift */,
			);
			path = GlobalComponents;
			sourceTree = "<group>";
		};
		64D0A7952A27F6150074EF28 /* Stopwatch */ = {
			isa = PBXGroup;
			children = (
				345E236D2A2FE15A00AEF1CB /* StopWatchView.swift */,
				345E236C2A2FE15A00AEF1CB /* CircularProgressView.swift */,
			);
			path = Stopwatch;
			sourceTree = "<group>";
		};
		C867C47A2A41237C0035D757 /* Achievement */ = {
			isa = PBXGroup;
			children = (
				C867C47B2A4123BC0035D757 /* AchievementScreenView.swift */,
				DD07385E2A53948300D681E1 /* Components */,
			);
			path = Achievement;
			sourceTree = "<group>";
		};
		DD07385B2A53904800D681E1 /* Views */ = {
			isa = PBXGroup;
			children = (
				64D0A7942A27F5F60074EF28 /* GlobalComponents */,
				345E239D2A30065600AEF1CB /* Home */,
				C867C47A2A41237C0035D757 /* Achievement */,
				DDF8D9C12A4F8B3100FDAC81 /* Tickers */,
				345E23A02A3006A800AEF1CB /* Perfil */,
				345E23A62A3006FC00AEF1CB /* Pomodoro */,
				34626C8D2A300941004737E7 /* Focus */,
				34626C902A300A26004737E7 /* definitions */,
				345E238F2A30044400AEF1CB /* SoundScreen */,
			);
			path = Views;
			sourceTree = "<group>";
		};
		DD07385C2A53924500D681E1 /* Components */ = {
			isa = PBXGroup;
			children = (
				35B5C9CF2A4CE6430088DF6F /* AchievCardView.swift */,
				648808752A26AA410031D2BA /* CardPet */,
			);
			path = Components;
			sourceTree = "<group>";
		};
		DD07385D2A53946100D681E1 /* ViewModels */ = {
			isa = PBXGroup;
			children = (
				C867C47D2A4254310035D757 /* AchievementViewModel.swift */,
				3441CC192A3D3003004A2D4C /* TickerViewModel.swift */,
				340FA70A2A4271D1000232E0 /* PomodoroViewModel.swift */,
				DD0738552A4FACA600D681E1 /* SoundViewModel.swift */,
			);
			path = ViewModels;
			sourceTree = "<group>";
		};
		DD07385E2A53948300D681E1 /* Components */ = {
			isa = PBXGroup;
			children = (
				C867C46C2A39183F0035D757 /* AchievmentCellView.swift */,
			);
			path = Components;
			sourceTree = "<group>";
		};
		DD07385F2A53975B00D681E1 /* Components */ = {
			isa = PBXGroup;
			children = (
				345E23942A30054000AEF1CB /* TextFieldView.swift */,
				642E72952A2A9CF7008A6F21 /* RadioButtonView.swift */,
			);
			path = Components;
			sourceTree = "<group>";
		};
		DD0738602A5397E000D681E1 /* Components */ = {
			isa = PBXGroup;
			children = (
				DD0738592A5376CA00D681E1 /* SoundCardView.swift */,
			);
			path = Components;
			sourceTree = "<group>";
		};
		DD0738612A53980200D681E1 /* Components */ = {
			isa = PBXGroup;
			children = (
				64D0A7952A27F6150074EF28 /* Stopwatch */,
			);
			path = Components;
			sourceTree = "<group>";
		};
		DDF8D9C12A4F8B3100FDAC81 /* Tickers */ = {
			isa = PBXGroup;
			children = (
				DDF8D9BF2A4F8B2800FDAC81 /* TickersView.swift */,
			);
			path = Tickers;
			sourceTree = "<group>";
		};
/* End PBXGroup section */

/* Begin PBXNativeTarget section */
		642697F02A1D797700A7C788 /* Tickers */ = {
			isa = PBXNativeTarget;
			buildConfigurationList = 642698152A1D797800A7C788 /* Build configuration list for PBXNativeTarget "Tickers" */;
			buildPhases = (
				642697ED2A1D797700A7C788 /* Sources */,
				642697EE2A1D797700A7C788 /* Frameworks */,
				642697EF2A1D797700A7C788 /* Resources */,
			);
			buildRules = (
			);
			dependencies = (
			);
			name = Tickers;
			productName = Tickers;
			productReference = 642697F12A1D797700A7C788 /* Tickers.app */;
			productType = "com.apple.product-type.application";
		};
		642698002A1D797800A7C788 /* TickersTests */ = {
			isa = PBXNativeTarget;
			buildConfigurationList = 642698182A1D797800A7C788 /* Build configuration list for PBXNativeTarget "TickersTests" */;
			buildPhases = (
				642697FD2A1D797800A7C788 /* Sources */,
				642697FE2A1D797800A7C788 /* Frameworks */,
				642697FF2A1D797800A7C788 /* Resources */,
			);
			buildRules = (
			);
			dependencies = (
				642698032A1D797800A7C788 /* PBXTargetDependency */,
			);
			name = TickersTests;
			productName = TickersTests;
			productReference = 642698012A1D797800A7C788 /* TickersTests.xctest */;
			productType = "com.apple.product-type.bundle.unit-test";
		};
		6426980A2A1D797800A7C788 /* TickersUITests */ = {
			isa = PBXNativeTarget;
			buildConfigurationList = 6426981B2A1D797800A7C788 /* Build configuration list for PBXNativeTarget "TickersUITests" */;
			buildPhases = (
				642698072A1D797800A7C788 /* Sources */,
				642698082A1D797800A7C788 /* Frameworks */,
				642698092A1D797800A7C788 /* Resources */,
			);
			buildRules = (
			);
			dependencies = (
				6426980D2A1D797800A7C788 /* PBXTargetDependency */,
			);
			name = TickersUITests;
			productName = TickersUITests;
			productReference = 6426980B2A1D797800A7C788 /* TickersUITests.xctest */;
			productType = "com.apple.product-type.bundle.ui-testing";
		};
/* End PBXNativeTarget section */

/* Begin PBXProject section */
		642697E92A1D797700A7C788 /* Project object */ = {
			isa = PBXProject;
			attributes = {
				BuildIndependentTargetsInParallel = 1;
				LastSwiftUpdateCheck = 1430;
				LastUpgradeCheck = 1430;
				TargetAttributes = {
					642697F02A1D797700A7C788 = {
						CreatedOnToolsVersion = 14.3;
					};
					642698002A1D797800A7C788 = {
						CreatedOnToolsVersion = 14.3;
						TestTargetID = 642697F02A1D797700A7C788;
					};
					6426980A2A1D797800A7C788 = {
						CreatedOnToolsVersion = 14.3;
						TestTargetID = 642697F02A1D797700A7C788;
					};
				};
			};
			buildConfigurationList = 642697EC2A1D797700A7C788 /* Build configuration list for PBXProject "Tickers" */;
			compatibilityVersion = "Xcode 14.0";
			developmentRegion = en;
			hasScannedForEncodings = 0;
			knownRegions = (
				en,
				Base,
			);
			mainGroup = 642697E82A1D797700A7C788;
			productRefGroup = 642697F22A1D797700A7C788 /* Products */;
			projectDirPath = "";
			projectRoot = "";
			targets = (
				642697F02A1D797700A7C788 /* Tickers */,
				642698002A1D797800A7C788 /* TickersTests */,
				6426980A2A1D797800A7C788 /* TickersUITests */,
			);
		};
/* End PBXProject section */

/* Begin PBXResourcesBuildPhase section */
		642697EF2A1D797700A7C788 /* Resources */ = {
			isa = PBXResourcesBuildPhase;
			buildActionMask = 2147483647;
			files = (
				642697FC2A1D797800A7C788 /* Preview Assets.xcassets in Resources */,
				346C0A762A673AB80042C9DD /* agua.mp3 in Resources */,
				346C0A782A673AB80042C9DD /* chuva.mp3 in Resources */,
				6492E9B22A201FB100F608BB /* Nunito-Bold.ttf in Resources */,
				6492E9B42A20207400F608BB /* Nunito-Regular.ttf in Resources */,
				346C0A772A673AB80042C9DD /* tempestade.mp3 in Resources */,
				346C0A792A673AB80042C9DD /* Lo-Fi.mp3 in Resources */,
				642697F92A1D797800A7C788 /* Assets.xcassets in Resources */,
			);
			runOnlyForDeploymentPostprocessing = 0;
		};
		642697FF2A1D797800A7C788 /* Resources */ = {
			isa = PBXResourcesBuildPhase;
			buildActionMask = 2147483647;
			files = (
			);
			runOnlyForDeploymentPostprocessing = 0;
		};
		642698092A1D797800A7C788 /* Resources */ = {
			isa = PBXResourcesBuildPhase;
			buildActionMask = 2147483647;
			files = (
			);
			runOnlyForDeploymentPostprocessing = 0;
		};
/* End PBXResourcesBuildPhase section */

/* Begin PBXSourcesBuildPhase section */
		642697ED2A1D797700A7C788 /* Sources */ = {
			isa = PBXSourcesBuildPhase;
			buildActionMask = 2147483647;
			files = (
				64D0A79C2A27FEB10074EF28 /* PetcardView.swift in Sources */,
				6427D6E62A2560C700F66288 /* SoundScreenView.swift in Sources */,
				3455BC462A3A776E004A430A /* NavigationBarTextView.swift in Sources */,
				6492E9B62A202A7600F608BB /* TickerFont.swift in Sources */,
				3441CC182A3D10AC004A2D4C /* TickerModel.swift in Sources */,
				C867C46D2A39183F0035D757 /* AchievmentCellView.swift in Sources */,
				DDF8D9C02A4F8B2800FDAC81 /* TickersView.swift in Sources */,
				6488087E2A26CD630031D2BA /* LvlProgressBarView.swift in Sources */,
				345E23952A30054000AEF1CB /* TextFieldView.swift in Sources */,
				642697F52A1D797700A7C788 /* TickersApp.swift in Sources */,
				64D0A79A2A27FEA40074EF28 /* EggCardView.swift in Sources */,
				DD0738582A4FACD300D681E1 /* SoundModel.swift in Sources */,
				64D0A7982A27FA860074EF28 /* CardView.swift in Sources */,
				646E1B872A280A64004B4583 /* ButtonReturn.swift in Sources */,
				345E239F2A30066200AEF1CB /* HomeView.swift in Sources */,
				340FA70B2A4271D1000232E0 /* PomodoroViewModel.swift in Sources */,
				642E72962A2A9CF7008A6F21 /* RadioButtonView.swift in Sources */,
				DD0738562A4FACA600D681E1 /* SoundViewModel.swift in Sources */,
				345E23972A30055600AEF1CB /* TabBarView.swift in Sources */,
				3455BC432A3A75C7004A430A /* navigationViewModifier.swift in Sources */,
				345E23A32A3006E700AEF1CB /* PerfilView.swift in Sources */,
				3441CC1A2A3D3003004A2D4C /* TickerViewModel.swift in Sources */,
				6427D6E62A2560C700F66288 /* SoundScreenView.swift in Sources */,
				34626C972A31335B004737E7 /* AchievementModel.swift in Sources */,
				6492E9B62A202A7600F608BB /* TickerFont.swift in Sources */,
				34626C992A31337D004737E7 /* NavigationBar.swift in Sources */,
				C867C47C2A4123BC0035D757 /* AchievementScreenView.swift in Sources */,
				642697F52A1D797700A7C788 /* TickersApp.swift in Sources */,
				35B5C9D02A4CE6430088DF6F /* AchievCardView.swift in Sources */,
				345E23A82A30071400AEF1CB /* PomodoroView.swift in Sources */,
				345E236E2A2FE15A00AEF1CB /* CircularProgressView.swift in Sources */,
				346C0A592A660BB30042C9DD /* SoundHelper.swift in Sources */,
				646E1B872A280A64004B4583 /* ButtonReturn.swift in Sources */,
				345E236F2A2FE15A00AEF1CB /* StopWatchView.swift in Sources */,
				C867C47E2A4254310035D757 /* AchievementViewModel.swift in Sources */,
				646E1B852A2808E6004B4583 /* ButtonUp.swift in Sources */,
				34626C8F2A300952004737E7 /* FocusView.swift in Sources */,
				DD07385A2A5376CA00D681E1 /* SoundCardView.swift in Sources */,
				34626C922A300A61004737E7 /* DefinitionsView.swift in Sources */,
			);
			runOnlyForDeploymentPostprocessing = 0;
		};
		642697FD2A1D797800A7C788 /* Sources */ = {
			isa = PBXSourcesBuildPhase;
			buildActionMask = 2147483647;
			files = (
				642698062A1D797800A7C788 /* TickersTests.swift in Sources */,
			);
			runOnlyForDeploymentPostprocessing = 0;
		};
		642698072A1D797800A7C788 /* Sources */ = {
			isa = PBXSourcesBuildPhase;
			buildActionMask = 2147483647;
			files = (
				642698122A1D797800A7C788 /* TickersUITestsLaunchTests.swift in Sources */,
				642698102A1D797800A7C788 /* TickersUITests.swift in Sources */,
			);
			runOnlyForDeploymentPostprocessing = 0;
		};
/* End PBXSourcesBuildPhase section */

/* Begin PBXTargetDependency section */
		642698032A1D797800A7C788 /* PBXTargetDependency */ = {
			isa = PBXTargetDependency;
			target = 642697F02A1D797700A7C788 /* Tickers */;
			targetProxy = 642698022A1D797800A7C788 /* PBXContainerItemProxy */;
		};
		6426980D2A1D797800A7C788 /* PBXTargetDependency */ = {
			isa = PBXTargetDependency;
			target = 642697F02A1D797700A7C788 /* Tickers */;
			targetProxy = 6426980C2A1D797800A7C788 /* PBXContainerItemProxy */;
		};
/* End PBXTargetDependency section */

/* Begin XCBuildConfiguration section */
		642698132A1D797800A7C788 /* Debug */ = {
			isa = XCBuildConfiguration;
			buildSettings = {
				ALWAYS_SEARCH_USER_PATHS = NO;
				CLANG_ANALYZER_NONNULL = YES;
				CLANG_ANALYZER_NUMBER_OBJECT_CONVERSION = YES_AGGRESSIVE;
				CLANG_CXX_LANGUAGE_STANDARD = "gnu++20";
				CLANG_ENABLE_MODULES = YES;
				CLANG_ENABLE_OBJC_ARC = YES;
				CLANG_ENABLE_OBJC_WEAK = YES;
				CLANG_WARN_BLOCK_CAPTURE_AUTORELEASING = YES;
				CLANG_WARN_BOOL_CONVERSION = YES;
				CLANG_WARN_COMMA = YES;
				CLANG_WARN_CONSTANT_CONVERSION = YES;
				CLANG_WARN_DEPRECATED_OBJC_IMPLEMENTATIONS = YES;
				CLANG_WARN_DIRECT_OBJC_ISA_USAGE = YES_ERROR;
				CLANG_WARN_DOCUMENTATION_COMMENTS = YES;
				CLANG_WARN_EMPTY_BODY = YES;
				CLANG_WARN_ENUM_CONVERSION = YES;
				CLANG_WARN_INFINITE_RECURSION = YES;
				CLANG_WARN_INT_CONVERSION = YES;
				CLANG_WARN_NON_LITERAL_NULL_CONVERSION = YES;
				CLANG_WARN_OBJC_IMPLICIT_RETAIN_SELF = YES;
				CLANG_WARN_OBJC_LITERAL_CONVERSION = YES;
				CLANG_WARN_OBJC_ROOT_CLASS = YES_ERROR;
				CLANG_WARN_QUOTED_INCLUDE_IN_FRAMEWORK_HEADER = YES;
				CLANG_WARN_RANGE_LOOP_ANALYSIS = YES;
				CLANG_WARN_STRICT_PROTOTYPES = YES;
				CLANG_WARN_SUSPICIOUS_MOVE = YES;
				CLANG_WARN_UNGUARDED_AVAILABILITY = YES_AGGRESSIVE;
				CLANG_WARN_UNREACHABLE_CODE = YES;
				CLANG_WARN__DUPLICATE_METHOD_MATCH = YES;
				COPY_PHASE_STRIP = NO;
				DEBUG_INFORMATION_FORMAT = dwarf;
				ENABLE_STRICT_OBJC_MSGSEND = YES;
				ENABLE_TESTABILITY = YES;
				GCC_C_LANGUAGE_STANDARD = gnu11;
				GCC_DYNAMIC_NO_PIC = NO;
				GCC_NO_COMMON_BLOCKS = YES;
				GCC_OPTIMIZATION_LEVEL = 0;
				GCC_PREPROCESSOR_DEFINITIONS = (
					"DEBUG=1",
					"$(inherited)",
				);
				GCC_WARN_64_TO_32_BIT_CONVERSION = YES;
				GCC_WARN_ABOUT_RETURN_TYPE = YES_ERROR;
				GCC_WARN_UNDECLARED_SELECTOR = YES;
				GCC_WARN_UNINITIALIZED_AUTOS = YES_AGGRESSIVE;
				GCC_WARN_UNUSED_FUNCTION = YES;
				GCC_WARN_UNUSED_VARIABLE = YES;
				IPHONEOS_DEPLOYMENT_TARGET = 16.4;
				MTL_ENABLE_DEBUG_INFO = INCLUDE_SOURCE;
				MTL_FAST_MATH = YES;
				ONLY_ACTIVE_ARCH = YES;
				SDKROOT = iphoneos;
				SWIFT_ACTIVE_COMPILATION_CONDITIONS = DEBUG;
				SWIFT_OPTIMIZATION_LEVEL = "-Onone";
			};
			name = Debug;
		};
		642698142A1D797800A7C788 /* Release */ = {
			isa = XCBuildConfiguration;
			buildSettings = {
				ALWAYS_SEARCH_USER_PATHS = NO;
				CLANG_ANALYZER_NONNULL = YES;
				CLANG_ANALYZER_NUMBER_OBJECT_CONVERSION = YES_AGGRESSIVE;
				CLANG_CXX_LANGUAGE_STANDARD = "gnu++20";
				CLANG_ENABLE_MODULES = YES;
				CLANG_ENABLE_OBJC_ARC = YES;
				CLANG_ENABLE_OBJC_WEAK = YES;
				CLANG_WARN_BLOCK_CAPTURE_AUTORELEASING = YES;
				CLANG_WARN_BOOL_CONVERSION = YES;
				CLANG_WARN_COMMA = YES;
				CLANG_WARN_CONSTANT_CONVERSION = YES;
				CLANG_WARN_DEPRECATED_OBJC_IMPLEMENTATIONS = YES;
				CLANG_WARN_DIRECT_OBJC_ISA_USAGE = YES_ERROR;
				CLANG_WARN_DOCUMENTATION_COMMENTS = YES;
				CLANG_WARN_EMPTY_BODY = YES;
				CLANG_WARN_ENUM_CONVERSION = YES;
				CLANG_WARN_INFINITE_RECURSION = YES;
				CLANG_WARN_INT_CONVERSION = YES;
				CLANG_WARN_NON_LITERAL_NULL_CONVERSION = YES;
				CLANG_WARN_OBJC_IMPLICIT_RETAIN_SELF = YES;
				CLANG_WARN_OBJC_LITERAL_CONVERSION = YES;
				CLANG_WARN_OBJC_ROOT_CLASS = YES_ERROR;
				CLANG_WARN_QUOTED_INCLUDE_IN_FRAMEWORK_HEADER = YES;
				CLANG_WARN_RANGE_LOOP_ANALYSIS = YES;
				CLANG_WARN_STRICT_PROTOTYPES = YES;
				CLANG_WARN_SUSPICIOUS_MOVE = YES;
				CLANG_WARN_UNGUARDED_AVAILABILITY = YES_AGGRESSIVE;
				CLANG_WARN_UNREACHABLE_CODE = YES;
				CLANG_WARN__DUPLICATE_METHOD_MATCH = YES;
				COPY_PHASE_STRIP = NO;
				DEBUG_INFORMATION_FORMAT = "dwarf-with-dsym";
				ENABLE_NS_ASSERTIONS = NO;
				ENABLE_STRICT_OBJC_MSGSEND = YES;
				GCC_C_LANGUAGE_STANDARD = gnu11;
				GCC_NO_COMMON_BLOCKS = YES;
				GCC_WARN_64_TO_32_BIT_CONVERSION = YES;
				GCC_WARN_ABOUT_RETURN_TYPE = YES_ERROR;
				GCC_WARN_UNDECLARED_SELECTOR = YES;
				GCC_WARN_UNINITIALIZED_AUTOS = YES_AGGRESSIVE;
				GCC_WARN_UNUSED_FUNCTION = YES;
				GCC_WARN_UNUSED_VARIABLE = YES;
				IPHONEOS_DEPLOYMENT_TARGET = 16.4;
				MTL_ENABLE_DEBUG_INFO = NO;
				MTL_FAST_MATH = YES;
				SDKROOT = iphoneos;
				SWIFT_COMPILATION_MODE = wholemodule;
				SWIFT_OPTIMIZATION_LEVEL = "-O";
				VALIDATE_PRODUCT = YES;
			};
			name = Release;
		};
		642698162A1D797800A7C788 /* Debug */ = {
			isa = XCBuildConfiguration;
			buildSettings = {
				ASSETCATALOG_COMPILER_APPICON_NAME = AppIcon;
				ASSETCATALOG_COMPILER_GLOBAL_ACCENT_COLOR_NAME = AccentColor;
				CODE_SIGN_STYLE = Automatic;
				CURRENT_PROJECT_VERSION = 1;
				DEVELOPMENT_ASSET_PATHS = "\"Tickers/Preview Content\"";
				DEVELOPMENT_TEAM = MT4A7M75NC;
				ENABLE_PREVIEWS = YES;
				GENERATE_INFOPLIST_FILE = YES;
				INFOPLIST_FILE = Tickers/Info.plist;
				INFOPLIST_KEY_LSApplicationCategoryType = "";
				INFOPLIST_KEY_UIApplicationSceneManifest_Generation = YES;
				INFOPLIST_KEY_UIApplicationSupportsIndirectInputEvents = YES;
				INFOPLIST_KEY_UILaunchScreen_Generation = YES;
				INFOPLIST_KEY_UISupportedInterfaceOrientations_iPad = "UIInterfaceOrientationPortrait UIInterfaceOrientationPortraitUpsideDown UIInterfaceOrientationLandscapeLeft UIInterfaceOrientationLandscapeRight";
				INFOPLIST_KEY_UISupportedInterfaceOrientations_iPhone = "UIInterfaceOrientationPortrait UIInterfaceOrientationLandscapeLeft UIInterfaceOrientationLandscapeRight";
				IPHONEOS_DEPLOYMENT_TARGET = 15.0;
				LD_RUNPATH_SEARCH_PATHS = (
					"$(inherited)",
					"@executable_path/Frameworks",
				);
				MARKETING_VERSION = 1.0;
				PRODUCT_BUNDLE_IDENTIFIER = SwiftUI.Tickers;
				PRODUCT_NAME = "$(TARGET_NAME)";
				SWIFT_EMIT_LOC_STRINGS = YES;
				SWIFT_VERSION = 5.0;
				TARGETED_DEVICE_FAMILY = "1,2";
			};
			name = Debug;
		};
		642698172A1D797800A7C788 /* Release */ = {
			isa = XCBuildConfiguration;
			buildSettings = {
				ASSETCATALOG_COMPILER_APPICON_NAME = AppIcon;
				ASSETCATALOG_COMPILER_GLOBAL_ACCENT_COLOR_NAME = AccentColor;
				CODE_SIGN_STYLE = Automatic;
				CURRENT_PROJECT_VERSION = 1;
				DEVELOPMENT_ASSET_PATHS = "\"Tickers/Preview Content\"";
				DEVELOPMENT_TEAM = MT4A7M75NC;
				ENABLE_PREVIEWS = YES;
				GENERATE_INFOPLIST_FILE = YES;
				INFOPLIST_FILE = Tickers/Info.plist;
				INFOPLIST_KEY_LSApplicationCategoryType = "";
				INFOPLIST_KEY_UIApplicationSceneManifest_Generation = YES;
				INFOPLIST_KEY_UIApplicationSupportsIndirectInputEvents = YES;
				INFOPLIST_KEY_UILaunchScreen_Generation = YES;
				INFOPLIST_KEY_UISupportedInterfaceOrientations_iPad = "UIInterfaceOrientationPortrait UIInterfaceOrientationPortraitUpsideDown UIInterfaceOrientationLandscapeLeft UIInterfaceOrientationLandscapeRight";
				INFOPLIST_KEY_UISupportedInterfaceOrientations_iPhone = "UIInterfaceOrientationPortrait UIInterfaceOrientationLandscapeLeft UIInterfaceOrientationLandscapeRight";
				IPHONEOS_DEPLOYMENT_TARGET = 15.0;
				LD_RUNPATH_SEARCH_PATHS = (
					"$(inherited)",
					"@executable_path/Frameworks",
				);
				MARKETING_VERSION = 1.0;
				PRODUCT_BUNDLE_IDENTIFIER = SwiftUI.Tickers;
				PRODUCT_NAME = "$(TARGET_NAME)";
				SWIFT_EMIT_LOC_STRINGS = YES;
				SWIFT_VERSION = 5.0;
				TARGETED_DEVICE_FAMILY = "1,2";
			};
			name = Release;
		};
		642698192A1D797800A7C788 /* Debug */ = {
			isa = XCBuildConfiguration;
			buildSettings = {
				ALWAYS_EMBED_SWIFT_STANDARD_LIBRARIES = YES;
				BUNDLE_LOADER = "$(TEST_HOST)";
				CODE_SIGN_STYLE = Automatic;
				CURRENT_PROJECT_VERSION = 1;
				DEVELOPMENT_TEAM = MT4A7M75NC;
				GENERATE_INFOPLIST_FILE = YES;
				IPHONEOS_DEPLOYMENT_TARGET = 16.4;
				MARKETING_VERSION = 1.0;
				PRODUCT_BUNDLE_IDENTIFIER = SwiftUI.TickersTests;
				PRODUCT_NAME = "$(TARGET_NAME)";
				SWIFT_EMIT_LOC_STRINGS = NO;
				SWIFT_VERSION = 5.0;
				TARGETED_DEVICE_FAMILY = "1,2";
				TEST_HOST = "$(BUILT_PRODUCTS_DIR)/Tickers.app/$(BUNDLE_EXECUTABLE_FOLDER_PATH)/Tickers";
			};
			name = Debug;
		};
		6426981A2A1D797800A7C788 /* Release */ = {
			isa = XCBuildConfiguration;
			buildSettings = {
				ALWAYS_EMBED_SWIFT_STANDARD_LIBRARIES = YES;
				BUNDLE_LOADER = "$(TEST_HOST)";
				CODE_SIGN_STYLE = Automatic;
				CURRENT_PROJECT_VERSION = 1;
				DEVELOPMENT_TEAM = MT4A7M75NC;
				GENERATE_INFOPLIST_FILE = YES;
				IPHONEOS_DEPLOYMENT_TARGET = 16.4;
				MARKETING_VERSION = 1.0;
				PRODUCT_BUNDLE_IDENTIFIER = SwiftUI.TickersTests;
				PRODUCT_NAME = "$(TARGET_NAME)";
				SWIFT_EMIT_LOC_STRINGS = NO;
				SWIFT_VERSION = 5.0;
				TARGETED_DEVICE_FAMILY = "1,2";
				TEST_HOST = "$(BUILT_PRODUCTS_DIR)/Tickers.app/$(BUNDLE_EXECUTABLE_FOLDER_PATH)/Tickers";
			};
			name = Release;
		};
		6426981C2A1D797800A7C788 /* Debug */ = {
			isa = XCBuildConfiguration;
			buildSettings = {
				ALWAYS_EMBED_SWIFT_STANDARD_LIBRARIES = YES;
				CODE_SIGN_STYLE = Automatic;
				CURRENT_PROJECT_VERSION = 1;
				DEVELOPMENT_TEAM = MT4A7M75NC;
				GENERATE_INFOPLIST_FILE = YES;
				MARKETING_VERSION = 1.0;
				PRODUCT_BUNDLE_IDENTIFIER = SwiftUI.TickersUITests;
				PRODUCT_NAME = "$(TARGET_NAME)";
				SWIFT_EMIT_LOC_STRINGS = NO;
				SWIFT_VERSION = 5.0;
				TARGETED_DEVICE_FAMILY = "1,2";
				TEST_TARGET_NAME = Tickers;
			};
			name = Debug;
		};
		6426981D2A1D797800A7C788 /* Release */ = {
			isa = XCBuildConfiguration;
			buildSettings = {
				ALWAYS_EMBED_SWIFT_STANDARD_LIBRARIES = YES;
				CODE_SIGN_STYLE = Automatic;
				CURRENT_PROJECT_VERSION = 1;
				DEVELOPMENT_TEAM = MT4A7M75NC;
				GENERATE_INFOPLIST_FILE = YES;
				MARKETING_VERSION = 1.0;
				PRODUCT_BUNDLE_IDENTIFIER = SwiftUI.TickersUITests;
				PRODUCT_NAME = "$(TARGET_NAME)";
				SWIFT_EMIT_LOC_STRINGS = NO;
				SWIFT_VERSION = 5.0;
				TARGETED_DEVICE_FAMILY = "1,2";
				TEST_TARGET_NAME = Tickers;
			};
			name = Release;
		};
/* End XCBuildConfiguration section */

/* Begin XCConfigurationList section */
		642697EC2A1D797700A7C788 /* Build configuration list for PBXProject "Tickers" */ = {
			isa = XCConfigurationList;
			buildConfigurations = (
				642698132A1D797800A7C788 /* Debug */,
				642698142A1D797800A7C788 /* Release */,
			);
			defaultConfigurationIsVisible = 0;
			defaultConfigurationName = Release;
		};
		642698152A1D797800A7C788 /* Build configuration list for PBXNativeTarget "Tickers" */ = {
			isa = XCConfigurationList;
			buildConfigurations = (
				642698162A1D797800A7C788 /* Debug */,
				642698172A1D797800A7C788 /* Release */,
			);
			defaultConfigurationIsVisible = 0;
			defaultConfigurationName = Release;
		};
		642698182A1D797800A7C788 /* Build configuration list for PBXNativeTarget "TickersTests" */ = {
			isa = XCConfigurationList;
			buildConfigurations = (
				642698192A1D797800A7C788 /* Debug */,
				6426981A2A1D797800A7C788 /* Release */,
			);
			defaultConfigurationIsVisible = 0;
			defaultConfigurationName = Release;
		};
		6426981B2A1D797800A7C788 /* Build configuration list for PBXNativeTarget "TickersUITests" */ = {
			isa = XCConfigurationList;
			buildConfigurations = (
				6426981C2A1D797800A7C788 /* Debug */,
				6426981D2A1D797800A7C788 /* Release */,
			);
			defaultConfigurationIsVisible = 0;
			defaultConfigurationName = Release;
		};
/* End XCConfigurationList section */
	};
	rootObject = 642697E92A1D797700A7C788 /* Project object */;
}
